
Microsoft Visual Studio Solution File, Format Version 12.00
# Visual Studio 2013
VisualStudioVersion = 12.0.31101.0
MinimumVisualStudioVersion = 10.0.40219.1
Project("{2150E333-8FDC-42A3-9474-1A3956D46DE8}") = "InfraStructure", "InfraStructure", "{CB3CCD25-58EE-4CFA-A2CA-B751A6ED42D0}"
EndProject
Project("{2150E333-8FDC-42A3-9474-1A3956D46DE8}") = "Model", "Model", "{F98159FD-0F22-4A3E-99DB-549A04C138AC}"
EndProject
Project("{2150E333-8FDC-42A3-9474-1A3956D46DE8}") = "Presentation", "Presentation", "{6279F649-71B1-4B18-A339-29526B94475A}"
EndProject
Project("{FAE04EC0-301F-11D3-BF4B-00C04F79EFBC}") = "MITD.PMS.Domain", "MITD.PMS.Domain.Model\MITD.PMS.Domain.csproj", "{1B85AC19-27DF-43BB-91B7-9A2AECDDB9D1}"
EndProject
Project("{FAE04EC0-301F-11D3-BF4B-00C04F79EFBC}") = "MITD.PMS.Presentation.Contracts", "MITD.PMS.Presentation.Contracts\MITD.PMS.Presentation.Contracts.csproj", "{C2C01D60-617D-4A38-AF22-091A1C3AE365}"
EndProject
Project("{FAE04EC0-301F-11D3-BF4B-00C04F79EFBC}") = "MITD.PMS.Presentation.Contracts.SL", "MITD.PMS.Presentation.Contracts.SL\MITD.PMS.Presentation.Contracts.SL.csproj", "{E31D9461-636C-402E-8F5D-5E7AB32A8875}"
EndProject
Project("{FAE04EC0-301F-11D3-BF4B-00C04F79EFBC}") = "MITD.PMS.Presentation.Logic.SL", "MITD.PMS.Presentation.Logic.SL\MITD.PMS.Presentation.Logic.SL.csproj", "{73C3010F-3DF1-45DC-B36C-76FA83E9ECB4}"
EndProject
Project("{FAE04EC0-301F-11D3-BF4B-00C04F79EFBC}") = "MITD.PMS.Presentation.UI.SL", "MITD.PMS.Presentation.UI.SL\MITD.PMS.Presentation.UI.SL.csproj", "{A0A36B6C-3EA5-4F65-A6B7-49C37E5EDEAC}"
EndProject
Project("{FAE04EC0-301F-11D3-BF4B-00C04F79EFBC}") = "MITD.PMS.Presentation.PeriodManagementApp", "MITD.PMS.Presentation.PeriodManagementApp\MITD.PMS.Presentation.PeriodManagementApp.csproj", "{158FFBAE-66C6-471A-B87F-9BED8E6465B4}"
EndProject
Project("{FAE04EC0-301F-11D3-BF4B-00C04F79EFBC}") = "MITD.PMS.Service.Host", "MITD.PMS.Service.Host\MITD.PMS.Service.Host.csproj", "{C215BD55-0340-4B63-A5C5-DBA6B5D65043}"
EndProject
Project("{FAE04EC0-301F-11D3-BF4B-00C04F79EFBC}") = "MITD.PMS.Presentation.BasicInfoApp", "MITD.PMS.Presentation.BasicInfoApp\MITD.PMS.Presentation.BasicInfoApp.csproj", "{E780491B-562F-47FC-BABF-29D66B3C17F1}"
EndProject
Project("{FAE04EC0-301F-11D3-BF4B-00C04F79EFBC}") = "MITD.PMS.Presentation.EmployeeManagement", "MITD.PMS.Presentation.EmployeeManagement\MITD.PMS.Presentation.EmployeeManagement.csproj", "{58C8B48D-2304-4E3D-A8BB-EDB7C1EA1810}"
EndProject
Project("{FAE04EC0-301F-11D3-BF4B-00C04F79EFBC}") = "MITD.PMS.Presentation.UI.Common", "MITD.PMS.Presentation.UI.Common\MITD.PMS.Presentation.UI.Common.csproj", "{6E39061D-C172-4114-80DE-EDD6CD5F0E78}"
EndProject
Project("{2150E333-8FDC-42A3-9474-1A3956D46DE8}") = "Contracts", "Contracts", "{E3AEDB8C-9F6A-4570-9A9D-CA9A37E60CA1}"
EndProject
Project("{2150E333-8FDC-42A3-9474-1A3956D46DE8}") = "Packages", "Packages", "{15C4BE0F-D45E-40C8-B2FC-37436596AC19}"
EndProject
Project("{2150E333-8FDC-42A3-9474-1A3956D46DE8}") = "Common", "Common", "{2AEA3041-0476-4F18-83B9-D972E3429D80}"
EndProject
Project("{2150E333-8FDC-42A3-9474-1A3956D46DE8}") = "MainApp", "MainApp", "{8DEA1439-C857-43EE-B525-CCE4F7E16AEC}"
EndProject
Project("{2150E333-8FDC-42A3-9474-1A3956D46DE8}") = "Modeling", "Modeling", "{3BB9FB62-6239-45AF-B73F-708DF9C8AE25}"
EndProject
Project("{F088123C-0E9E-452A-89E6-6BA2F21D5CAC}") = "MITD.PMS.Model", "MITD.PMS.Model\MITD.PMS.Model.modelproj", "{F2B162C1-22D2-47C1-9076-1170DC6C3679}"
EndProject
Project("{2150E333-8FDC-42A3-9474-1A3956D46DE8}") = "Application", "Application", "{B2FA2F41-E949-4AD2-9FDB-B532948B6079}"
EndProject
Project("{2150E333-8FDC-42A3-9474-1A3956D46DE8}") = "Interface", "Interface", "{5A22FA34-5DB0-4FFA-A0C7-A2758C9AAD53}"
EndProject
Project("{FAE04EC0-301F-11D3-BF4B-00C04F79EFBC}") = "MITD.PMS.Application", "MITD.PMS.Application\MITD.PMS.Application.csproj", "{3F601EA5-4A47-4304-A111-A6ED5BE4B4FD}"
EndProject
Project("{FAE04EC0-301F-11D3-BF4B-00C04F79EFBC}") = "MITD.PMS.Application.Contracts", "MITD.PMS.Application.Contracts\MITD.PMS.Application.Contracts.csproj", "{946EC2E6-5998-4852-8C57-AD77F3BBDCE6}"
EndProject
Project("{FAE04EC0-301F-11D3-BF4B-00C04F79EFBC}") = "MITD.PMS.Interface", "MITD.PMS.Interface\MITD.PMS.Interface.csproj", "{93453913-D10E-46B3-ADFE-A50E9FB5226D}"
EndProject
Project("{FAE04EC0-301F-11D3-BF4B-00C04F79EFBC}") = "MITD.PMSAdmin.Domain", "MITD.PMSAdmin.Domain\MITD.PMSAdmin.Domain.csproj", "{4D0B3594-A787-4982-870D-3F079D2F4B86}"
EndProject
Project("{FAE04EC0-301F-11D3-BF4B-00C04F79EFBC}") = "MITD.PMSAdmin.Persistence.NH", "MITD.PMSAdmin.Persistence.NH\MITD.PMSAdmin.Persistence.NH.csproj", "{47AD61E6-E59A-4148-B7EE-4D35E3485442}"
EndProject
Project("{FAE04EC0-301F-11D3-BF4B-00C04F79EFBC}") = "MITD.PMS.Persistence.Migration", "MITD.PMS.Persistence.Migration\MITD.PMS.Persistence.Migration.csproj", "{46F1C90F-4850-4C82-B2D6-165959B03054}"
EndProject
Project("{FAE04EC0-301F-11D3-BF4B-00C04F79EFBC}") = "MITD.PMS.Persistence.Test", "MITD.PMS.Persistence.Test\MITD.PMS.Persistence.Test.csproj", "{C52D443C-1A6E-43D6-9B23-4F242459C6AA}"
EndProject
Project("{FAE04EC0-301F-11D3-BF4B-00C04F79EFBC}") = "MITD.PMS.Persistence.NH", "MITD.PMS.Persistence.NH\MITD.PMS.Persistence.NH.csproj", "{C8135C09-08DF-47BC-BF31-18AC41AB1D95}"
EndProject
Project("{2150E333-8FDC-42A3-9474-1A3956D46DE8}") = "Persistence", "Persistence", "{1F715567-B6B0-4214-8897-5BA94D311D9A}"
EndProject
Project("{2150E333-8FDC-42A3-9474-1A3956D46DE8}") = "Migration", "Migration", "{FBC5327F-8B56-4B44-B958-7308A507C264}"
EndProject
Project("{FAE04EC0-301F-11D3-BF4B-00C04F79EFBC}") = "MITD.PMS.ACL.PMSAdmin", "MITD.PMS.ACL.PMSAdmin\MITD.PMS.ACL.PMSAdmin.csproj", "{7535A2BA-76B9-4A79-870A-4A533EE784DB}"
EndProject
Project("{2150E333-8FDC-42A3-9474-1A3956D46DE8}") = "ACL", "ACL", "{4D5361CF-3FA8-43FE-B017-3366BCE5D8B9}"
EndProject
Project("{FAE04EC0-301F-11D3-BF4B-00C04F79EFBC}") = "MITD.PMS.Test", "MITD.PMS.Test\MITD.PMS.Test.csproj", "{FA594CF7-5EC4-4258-9FA3-009E2CB8F637}"
EndProject
Project("{FAE04EC0-301F-11D3-BF4B-00C04F79EFBC}") = "MITD.PMS.RuleContracts", "MITD.PMS.RuleContracts\MITD.PMS.RuleContracts.csproj", "{BDB2EFD0-03E6-471A-AFC5-41F5B1E9BB35}"
EndProject
Project("{FAE04EC0-301F-11D3-BF4B-00C04F79EFBC}") = "MITD.PMSSecurity.Domain", "MITD.PMSSecurity.Domain\MITD.PMSSecurity.Domain.csproj", "{58E04975-AC8A-42BB-9A49-D68B48F84E79}"
EndProject
Project("{FAE04EC0-301F-11D3-BF4B-00C04F79EFBC}") = "MITD.PMS.Interface.Presentation.Host", "MITD.PMS.Interface.Presentation.Host\MITD.PMS.Interface.Presentation.Host.csproj", "{D6FD4A95-B6E6-43A8-9F39-BD7287578396}"
EndProject
Project("{FAE04EC0-301F-11D3-BF4B-00C04F79EFBC}") = "MITD.PMSSecurity.Persistence.NH", "MITD.PMSSecurity.Persistence.NH\MITD.PMSSecurity.Persistence.NH.csproj", "{27A2EEEA-4E4B-4713-A8F5-D827B980EFC8}"
EndProject
Project("{6141683F-8A12-4E36-9623-2EB02B2C2303}") = "PMS.Setup", "PMS.Setup\PMS.Setup.isproj", "{AE87507A-FE20-48E4-B398-BFB498E3B1EB}"
	ProjectSection(ProjectDependencies) = postProject
		{46F1C90F-4850-4C82-B2D6-165959B03054} = {46F1C90F-4850-4C82-B2D6-165959B03054}
		{C215BD55-0340-4B63-A5C5-DBA6B5D65043} = {C215BD55-0340-4B63-A5C5-DBA6B5D65043}
		{9B468871-08A1-43A3-9CC5-01947B172F4C} = {9B468871-08A1-43A3-9CC5-01947B172F4C}
		{D6FD4A95-B6E6-43A8-9F39-BD7287578396} = {D6FD4A95-B6E6-43A8-9F39-BD7287578396}
	EndProjectSection
EndProject
Project("{2150E333-8FDC-42A3-9474-1A3956D46DE8}") = "Report", "Report", "{B85C18FD-708B-4D88-A89D-6125493829F7}"
EndProject
Project("{F14B399A-7131-4C87-9E4B-1186C45EF12D}") = "MITD.PMS.Reports", "MITD.PMS.Reports\MITD.PMS.Reports.rptproj", "{AEB88C37-8F73-471C-926B-3E049144D7A8}"
EndProject
Project("{FAE04EC0-301F-11D3-BF4B-00C04F79EFBC}") = "MITD.PMS.ACL.PMSSecurity", "MITD.PMS.ACL.PMSSecurity\MITD.PMS.ACL.PMSSecurity.csproj", "{B6EB3332-1E75-484C-8289-9D081AF114BB}"
EndProject
Project("{FAE04EC0-301F-11D3-BF4B-00C04F79EFBC}") = "MITD.PMS.ACL.SSO", "MITD.PMS.ACL.SSO\MITD.PMS.ACL.SSO.csproj", "{8598694A-A052-4BB0-AC90-7724C133AD5C}"
EndProject
Project("{FAE04EC0-301F-11D3-BF4B-00C04F79EFBC}") = "MITD.PMS.Calculation.Host", "MITD.PMS.Calculation.Host\MITD.PMS.Calculation.Host.csproj", "{9B468871-08A1-43A3-9CC5-01947B172F4C}"
EndProject
Project("{FAE04EC0-301F-11D3-BF4B-00C04F79EFBC}") = "MITD.PMS.ACL.CalculationEngine", "MITD.PMS.ACL.CalculationEngine\MITD.PMS.ACL.CalculationEngine.csproj", "{40AE5444-56FF-472C-9D40-B20173F9BDBA}"
EndProject
Project("{FAE04EC0-301F-11D3-BF4B-00C04F79EFBC}") = "MITD.PMS.Common", "MITD.PMS.Common\MITD.PMS.Common.csproj", "{C1FFA45A-CC6C-47FD-940E-6EAADF41C60C}"
EndProject
Project("{FAE04EC0-301F-11D3-BF4B-00C04F79EFBC}") = "MITD.PMS.Common.SL", "MITD.PMS.Common.SL\MITD.PMS.Common.SL.csproj", "{F960EDC9-07E4-4CB2-A427-6DA7C74AD472}"
EndProject
Project("{2150E333-8FDC-42A3-9474-1A3956D46DE8}") = "Integration", "Integration", "{8E412ADE-23B5-4EEB-BCE3-62801147D56E}"
EndProject
Project("{FAE04EC0-301F-11D3-BF4B-00C04F79EFBC}") = "MITD.PMS.Integration.Data.Contract", "MITD.PMS.Integration.Data.Contract\MITD.PMS.Integration.Data.Contract.csproj", "{3823A549-6209-4D07-B859-DB42981D5D19}"
EndProject
Project("{FAE04EC0-301F-11D3-BF4B-00C04F79EFBC}") = "MITD.PMS.Integration.Data.EF", "MITD.PMS.Integration.Data.EF\MITD.PMS.Integration.Data.EF.csproj", "{84117807-56B1-419C-8DE5-AD8EA079269B}"
EndProject
Project("{FAE04EC0-301F-11D3-BF4B-00C04F79EFBC}") = "MITD.PMS.Integration.Host", "MITD.PMS.Integration.Host\MITD.PMS.Integration.Host.csproj", "{D78F69FB-A6E8-4BCB-A046-A5BEDA598CFE}"
EndProject
Project("{FAE04EC0-301F-11D3-BF4B-00C04F79EFBC}") = "MITD.PMS.Persistence.Migration.Test", "MITD.PMS.Persistence.Migration.Test\MITD.PMS.Persistence.Migration.Test.csproj", "{AC4634B2-ACE6-42C0-B908-49AEA2CA9290}"
EndProject
Project("{2150E333-8FDC-42A3-9474-1A3956D46DE8}") = "Data", "Data", "{C681741C-E468-4C0E-A6BC-10D0439FA93F}"
EndProject
Project("{2150E333-8FDC-42A3-9474-1A3956D46DE8}") = "Domain", "Domain", "{F7A2931F-B190-4B23-BFB4-700D989720A2}"
EndProject
Project("{2150E333-8FDC-42A3-9474-1A3956D46DE8}") = "PMS", "PMS", "{1661BC5C-868A-4A4F-ACF7-4063D6C1BA67}"
EndProject
Project("{FAE04EC0-301F-11D3-BF4B-00C04F79EFBC}") = "MITD.PMS.Integration.PMS.Contract", "MITD.PMS.Integration.PMS.Contract\MITD.PMS.Integration.PMS.Contract.csproj", "{D56E14FC-7536-43E1-819C-0C11174BED1F}"
EndProject
Project("{FAE04EC0-301F-11D3-BF4B-00C04F79EFBC}") = "MITD.PMS.Integration.PMS.API", "MITD.PMS.Integration.PMS.API\MITD.PMS.Integration.PMS.API.csproj", "{B30A232A-AD2C-4AA0-BDDA-2D860F092FAD}"
EndProject
Project("{FAE04EC0-301F-11D3-BF4B-00C04F79EFBC}") = "MITD.PMS.Integration.Domain", "MITD.PMS.Integration.Domain\MITD.PMS.Integration.Domain.csproj", "{D588B2EE-0741-4FDC-A9EC-BDF90F06ABB2}"
EndProject
Project("{FAE04EC0-301F-11D3-BF4B-00C04F79EFBC}") = "MITD.PMS.Integration.Core", "MITD.PMS.Integration.Core\MITD.PMS.Integration.Core.csproj", "{5BC98324-6E74-4475-A917-CAB0AC10D0B4}"
EndProject
Project("{FAE04EC0-301F-11D3-BF4B-00C04F79EFBC}") = "MITD.PMS.Integration.Test", "MITD.PMS.Integration.Test\MITD.PMS.Integration.Test.csproj", "{039E767D-9A0A-4416-80BD-8A38A9055A39}"
EndProject
Project("{FAE04EC0-301F-11D3-BF4B-00C04F79EFBC}") = "ConsoleApplication1", "ConsoleApplication1\ConsoleApplication1.csproj", "{ACE80D10-ADCE-4597-89D7-7935387AE84D}"
EndProject
Global
	GlobalSection(SolutionConfigurationPlatforms) = preSolution
		CD_ROM|Any CPU = CD_ROM|Any CPU
		Debug|Any CPU = Debug|Any CPU
		DebugLocal|Any CPU = DebugLocal|Any CPU
		DVD-5|Any CPU = DVD-5|Any CPU
		Release|Any CPU = Release|Any CPU
		SingleImage|Any CPU = SingleImage|Any CPU
	EndGlobalSection
	GlobalSection(ProjectConfigurationPlatforms) = postSolution
		{1B85AC19-27DF-43BB-91B7-9A2AECDDB9D1}.CD_ROM|Any CPU.ActiveCfg = Release|Any CPU
		{1B85AC19-27DF-43BB-91B7-9A2AECDDB9D1}.CD_ROM|Any CPU.Build.0 = Release|Any CPU
		{1B85AC19-27DF-43BB-91B7-9A2AECDDB9D1}.Debug|Any CPU.ActiveCfg = Debug|Any CPU
		{1B85AC19-27DF-43BB-91B7-9A2AECDDB9D1}.Debug|Any CPU.Build.0 = Debug|Any CPU
		{1B85AC19-27DF-43BB-91B7-9A2AECDDB9D1}.DebugLocal|Any CPU.ActiveCfg = Debug|Any CPU
		{1B85AC19-27DF-43BB-91B7-9A2AECDDB9D1}.DebugLocal|Any CPU.Build.0 = Debug|Any CPU
		{1B85AC19-27DF-43BB-91B7-9A2AECDDB9D1}.DVD-5|Any CPU.ActiveCfg = Debug|Any CPU
		{1B85AC19-27DF-43BB-91B7-9A2AECDDB9D1}.DVD-5|Any CPU.Build.0 = Debug|Any CPU
		{1B85AC19-27DF-43BB-91B7-9A2AECDDB9D1}.Release|Any CPU.ActiveCfg = Release|Any CPU
		{1B85AC19-27DF-43BB-91B7-9A2AECDDB9D1}.Release|Any CPU.Build.0 = Release|Any CPU
		{1B85AC19-27DF-43BB-91B7-9A2AECDDB9D1}.SingleImage|Any CPU.ActiveCfg = Release|Any CPU
		{1B85AC19-27DF-43BB-91B7-9A2AECDDB9D1}.SingleImage|Any CPU.Build.0 = Release|Any CPU
		{C2C01D60-617D-4A38-AF22-091A1C3AE365}.CD_ROM|Any CPU.ActiveCfg = Release|Any CPU
		{C2C01D60-617D-4A38-AF22-091A1C3AE365}.CD_ROM|Any CPU.Build.0 = Release|Any CPU
		{C2C01D60-617D-4A38-AF22-091A1C3AE365}.Debug|Any CPU.ActiveCfg = Debug|Any CPU
		{C2C01D60-617D-4A38-AF22-091A1C3AE365}.Debug|Any CPU.Build.0 = Debug|Any CPU
		{C2C01D60-617D-4A38-AF22-091A1C3AE365}.DebugLocal|Any CPU.ActiveCfg = Debug|Any CPU
		{C2C01D60-617D-4A38-AF22-091A1C3AE365}.DebugLocal|Any CPU.Build.0 = Debug|Any CPU
		{C2C01D60-617D-4A38-AF22-091A1C3AE365}.DVD-5|Any CPU.ActiveCfg = Debug|Any CPU
		{C2C01D60-617D-4A38-AF22-091A1C3AE365}.DVD-5|Any CPU.Build.0 = Debug|Any CPU
		{C2C01D60-617D-4A38-AF22-091A1C3AE365}.Release|Any CPU.ActiveCfg = Release|Any CPU
		{C2C01D60-617D-4A38-AF22-091A1C3AE365}.Release|Any CPU.Build.0 = Release|Any CPU
		{C2C01D60-617D-4A38-AF22-091A1C3AE365}.SingleImage|Any CPU.ActiveCfg = Release|Any CPU
		{C2C01D60-617D-4A38-AF22-091A1C3AE365}.SingleImage|Any CPU.Build.0 = Release|Any CPU
		{E31D9461-636C-402E-8F5D-5E7AB32A8875}.CD_ROM|Any CPU.ActiveCfg = Release|Any CPU
		{E31D9461-636C-402E-8F5D-5E7AB32A8875}.CD_ROM|Any CPU.Build.0 = Release|Any CPU
		{E31D9461-636C-402E-8F5D-5E7AB32A8875}.Debug|Any CPU.ActiveCfg = Debug|Any CPU
		{E31D9461-636C-402E-8F5D-5E7AB32A8875}.Debug|Any CPU.Build.0 = Debug|Any CPU
		{E31D9461-636C-402E-8F5D-5E7AB32A8875}.DebugLocal|Any CPU.ActiveCfg = Debug|Any CPU
		{E31D9461-636C-402E-8F5D-5E7AB32A8875}.DebugLocal|Any CPU.Build.0 = Debug|Any CPU
		{E31D9461-636C-402E-8F5D-5E7AB32A8875}.DVD-5|Any CPU.ActiveCfg = Debug|Any CPU
		{E31D9461-636C-402E-8F5D-5E7AB32A8875}.DVD-5|Any CPU.Build.0 = Debug|Any CPU
		{E31D9461-636C-402E-8F5D-5E7AB32A8875}.Release|Any CPU.ActiveCfg = Release|Any CPU
		{E31D9461-636C-402E-8F5D-5E7AB32A8875}.Release|Any CPU.Build.0 = Release|Any CPU
		{E31D9461-636C-402E-8F5D-5E7AB32A8875}.SingleImage|Any CPU.ActiveCfg = Release|Any CPU
		{E31D9461-636C-402E-8F5D-5E7AB32A8875}.SingleImage|Any CPU.Build.0 = Release|Any CPU
		{73C3010F-3DF1-45DC-B36C-76FA83E9ECB4}.CD_ROM|Any CPU.ActiveCfg = Release|Any CPU
		{73C3010F-3DF1-45DC-B36C-76FA83E9ECB4}.CD_ROM|Any CPU.Build.0 = Release|Any CPU
		{73C3010F-3DF1-45DC-B36C-76FA83E9ECB4}.Debug|Any CPU.ActiveCfg = Debug|Any CPU
		{73C3010F-3DF1-45DC-B36C-76FA83E9ECB4}.Debug|Any CPU.Build.0 = Debug|Any CPU
		{73C3010F-3DF1-45DC-B36C-76FA83E9ECB4}.DebugLocal|Any CPU.ActiveCfg = Debug|Any CPU
		{73C3010F-3DF1-45DC-B36C-76FA83E9ECB4}.DebugLocal|Any CPU.Build.0 = Debug|Any CPU
		{73C3010F-3DF1-45DC-B36C-76FA83E9ECB4}.DVD-5|Any CPU.ActiveCfg = Debug|Any CPU
		{73C3010F-3DF1-45DC-B36C-76FA83E9ECB4}.DVD-5|Any CPU.Build.0 = Debug|Any CPU
		{73C3010F-3DF1-45DC-B36C-76FA83E9ECB4}.Release|Any CPU.ActiveCfg = Release|Any CPU
		{73C3010F-3DF1-45DC-B36C-76FA83E9ECB4}.Release|Any CPU.Build.0 = Release|Any CPU
		{73C3010F-3DF1-45DC-B36C-76FA83E9ECB4}.SingleImage|Any CPU.ActiveCfg = Release|Any CPU
		{73C3010F-3DF1-45DC-B36C-76FA83E9ECB4}.SingleImage|Any CPU.Build.0 = Release|Any CPU
		{A0A36B6C-3EA5-4F65-A6B7-49C37E5EDEAC}.CD_ROM|Any CPU.ActiveCfg = Release|Any CPU
		{A0A36B6C-3EA5-4F65-A6B7-49C37E5EDEAC}.CD_ROM|Any CPU.Build.0 = Release|Any CPU
		{A0A36B6C-3EA5-4F65-A6B7-49C37E5EDEAC}.Debug|Any CPU.ActiveCfg = Debug|Any CPU
		{A0A36B6C-3EA5-4F65-A6B7-49C37E5EDEAC}.Debug|Any CPU.Build.0 = Debug|Any CPU
		{A0A36B6C-3EA5-4F65-A6B7-49C37E5EDEAC}.DebugLocal|Any CPU.ActiveCfg = Debug|Any CPU
		{A0A36B6C-3EA5-4F65-A6B7-49C37E5EDEAC}.DebugLocal|Any CPU.Build.0 = Debug|Any CPU
		{A0A36B6C-3EA5-4F65-A6B7-49C37E5EDEAC}.DVD-5|Any CPU.ActiveCfg = Debug|Any CPU
		{A0A36B6C-3EA5-4F65-A6B7-49C37E5EDEAC}.DVD-5|Any CPU.Build.0 = Debug|Any CPU
		{A0A36B6C-3EA5-4F65-A6B7-49C37E5EDEAC}.Release|Any CPU.ActiveCfg = Release|Any CPU
		{A0A36B6C-3EA5-4F65-A6B7-49C37E5EDEAC}.Release|Any CPU.Build.0 = Release|Any CPU
		{A0A36B6C-3EA5-4F65-A6B7-49C37E5EDEAC}.SingleImage|Any CPU.ActiveCfg = Release|Any CPU
		{A0A36B6C-3EA5-4F65-A6B7-49C37E5EDEAC}.SingleImage|Any CPU.Build.0 = Release|Any CPU
		{158FFBAE-66C6-471A-B87F-9BED8E6465B4}.CD_ROM|Any CPU.ActiveCfg = Release|Any CPU
		{158FFBAE-66C6-471A-B87F-9BED8E6465B4}.CD_ROM|Any CPU.Build.0 = Release|Any CPU
		{158FFBAE-66C6-471A-B87F-9BED8E6465B4}.Debug|Any CPU.ActiveCfg = Debug|Any CPU
		{158FFBAE-66C6-471A-B87F-9BED8E6465B4}.Debug|Any CPU.Build.0 = Debug|Any CPU
		{158FFBAE-66C6-471A-B87F-9BED8E6465B4}.DebugLocal|Any CPU.ActiveCfg = Debug|Any CPU
		{158FFBAE-66C6-471A-B87F-9BED8E6465B4}.DebugLocal|Any CPU.Build.0 = Debug|Any CPU
		{158FFBAE-66C6-471A-B87F-9BED8E6465B4}.DVD-5|Any CPU.ActiveCfg = Debug|Any CPU
		{158FFBAE-66C6-471A-B87F-9BED8E6465B4}.DVD-5|Any CPU.Build.0 = Debug|Any CPU
		{158FFBAE-66C6-471A-B87F-9BED8E6465B4}.Release|Any CPU.ActiveCfg = Release|Any CPU
		{158FFBAE-66C6-471A-B87F-9BED8E6465B4}.Release|Any CPU.Build.0 = Release|Any CPU
		{158FFBAE-66C6-471A-B87F-9BED8E6465B4}.SingleImage|Any CPU.ActiveCfg = Release|Any CPU
		{158FFBAE-66C6-471A-B87F-9BED8E6465B4}.SingleImage|Any CPU.Build.0 = Release|Any CPU
		{C215BD55-0340-4B63-A5C5-DBA6B5D65043}.CD_ROM|Any CPU.ActiveCfg = Release|Any CPU
		{C215BD55-0340-4B63-A5C5-DBA6B5D65043}.CD_ROM|Any CPU.Build.0 = Release|Any CPU
		{C215BD55-0340-4B63-A5C5-DBA6B5D65043}.Debug|Any CPU.ActiveCfg = Debug|Any CPU
		{C215BD55-0340-4B63-A5C5-DBA6B5D65043}.Debug|Any CPU.Build.0 = Debug|Any CPU
		{C215BD55-0340-4B63-A5C5-DBA6B5D65043}.DebugLocal|Any CPU.ActiveCfg = Debug|Any CPU
		{C215BD55-0340-4B63-A5C5-DBA6B5D65043}.DebugLocal|Any CPU.Build.0 = Debug|Any CPU
		{C215BD55-0340-4B63-A5C5-DBA6B5D65043}.DVD-5|Any CPU.ActiveCfg = Debug|Any CPU
		{C215BD55-0340-4B63-A5C5-DBA6B5D65043}.DVD-5|Any CPU.Build.0 = Debug|Any CPU
		{C215BD55-0340-4B63-A5C5-DBA6B5D65043}.Release|Any CPU.ActiveCfg = Release|Any CPU
		{C215BD55-0340-4B63-A5C5-DBA6B5D65043}.Release|Any CPU.Build.0 = Release|Any CPU
		{C215BD55-0340-4B63-A5C5-DBA6B5D65043}.SingleImage|Any CPU.ActiveCfg = Release|Any CPU
		{C215BD55-0340-4B63-A5C5-DBA6B5D65043}.SingleImage|Any CPU.Build.0 = Release|Any CPU
		{E780491B-562F-47FC-BABF-29D66B3C17F1}.CD_ROM|Any CPU.ActiveCfg = Release|Any CPU
		{E780491B-562F-47FC-BABF-29D66B3C17F1}.CD_ROM|Any CPU.Build.0 = Release|Any CPU
		{E780491B-562F-47FC-BABF-29D66B3C17F1}.Debug|Any CPU.ActiveCfg = Debug|Any CPU
		{E780491B-562F-47FC-BABF-29D66B3C17F1}.Debug|Any CPU.Build.0 = Debug|Any CPU
		{E780491B-562F-47FC-BABF-29D66B3C17F1}.DebugLocal|Any CPU.ActiveCfg = Debug|Any CPU
		{E780491B-562F-47FC-BABF-29D66B3C17F1}.DebugLocal|Any CPU.Build.0 = Debug|Any CPU
		{E780491B-562F-47FC-BABF-29D66B3C17F1}.DVD-5|Any CPU.ActiveCfg = Debug|Any CPU
		{E780491B-562F-47FC-BABF-29D66B3C17F1}.DVD-5|Any CPU.Build.0 = Debug|Any CPU
		{E780491B-562F-47FC-BABF-29D66B3C17F1}.Release|Any CPU.ActiveCfg = Release|Any CPU
		{E780491B-562F-47FC-BABF-29D66B3C17F1}.Release|Any CPU.Build.0 = Release|Any CPU
		{E780491B-562F-47FC-BABF-29D66B3C17F1}.SingleImage|Any CPU.ActiveCfg = Release|Any CPU
		{E780491B-562F-47FC-BABF-29D66B3C17F1}.SingleImage|Any CPU.Build.0 = Release|Any CPU
		{58C8B48D-2304-4E3D-A8BB-EDB7C1EA1810}.CD_ROM|Any CPU.ActiveCfg = Release|Any CPU
		{58C8B48D-2304-4E3D-A8BB-EDB7C1EA1810}.CD_ROM|Any CPU.Build.0 = Release|Any CPU
		{58C8B48D-2304-4E3D-A8BB-EDB7C1EA1810}.Debug|Any CPU.ActiveCfg = Debug|Any CPU
		{58C8B48D-2304-4E3D-A8BB-EDB7C1EA1810}.Debug|Any CPU.Build.0 = Debug|Any CPU
		{58C8B48D-2304-4E3D-A8BB-EDB7C1EA1810}.DebugLocal|Any CPU.ActiveCfg = Debug|Any CPU
		{58C8B48D-2304-4E3D-A8BB-EDB7C1EA1810}.DebugLocal|Any CPU.Build.0 = Debug|Any CPU
		{58C8B48D-2304-4E3D-A8BB-EDB7C1EA1810}.DVD-5|Any CPU.ActiveCfg = Debug|Any CPU
		{58C8B48D-2304-4E3D-A8BB-EDB7C1EA1810}.DVD-5|Any CPU.Build.0 = Debug|Any CPU
		{58C8B48D-2304-4E3D-A8BB-EDB7C1EA1810}.Release|Any CPU.ActiveCfg = Release|Any CPU
		{58C8B48D-2304-4E3D-A8BB-EDB7C1EA1810}.Release|Any CPU.Build.0 = Release|Any CPU
		{58C8B48D-2304-4E3D-A8BB-EDB7C1EA1810}.SingleImage|Any CPU.ActiveCfg = Release|Any CPU
		{58C8B48D-2304-4E3D-A8BB-EDB7C1EA1810}.SingleImage|Any CPU.Build.0 = Release|Any CPU
		{6E39061D-C172-4114-80DE-EDD6CD5F0E78}.CD_ROM|Any CPU.ActiveCfg = Release|Any CPU
		{6E39061D-C172-4114-80DE-EDD6CD5F0E78}.CD_ROM|Any CPU.Build.0 = Release|Any CPU
		{6E39061D-C172-4114-80DE-EDD6CD5F0E78}.Debug|Any CPU.ActiveCfg = Debug|Any CPU
		{6E39061D-C172-4114-80DE-EDD6CD5F0E78}.Debug|Any CPU.Build.0 = Debug|Any CPU
		{6E39061D-C172-4114-80DE-EDD6CD5F0E78}.DebugLocal|Any CPU.ActiveCfg = Debug|Any CPU
		{6E39061D-C172-4114-80DE-EDD6CD5F0E78}.DebugLocal|Any CPU.Build.0 = Debug|Any CPU
		{6E39061D-C172-4114-80DE-EDD6CD5F0E78}.DVD-5|Any CPU.ActiveCfg = Debug|Any CPU
		{6E39061D-C172-4114-80DE-EDD6CD5F0E78}.DVD-5|Any CPU.Build.0 = Debug|Any CPU
		{6E39061D-C172-4114-80DE-EDD6CD5F0E78}.Release|Any CPU.ActiveCfg = Release|Any CPU
		{6E39061D-C172-4114-80DE-EDD6CD5F0E78}.Release|Any CPU.Build.0 = Release|Any CPU
		{6E39061D-C172-4114-80DE-EDD6CD5F0E78}.SingleImage|Any CPU.ActiveCfg = Release|Any CPU
		{6E39061D-C172-4114-80DE-EDD6CD5F0E78}.SingleImage|Any CPU.Build.0 = Release|Any CPU
		{F2B162C1-22D2-47C1-9076-1170DC6C3679}.CD_ROM|Any CPU.ActiveCfg = Release|Any CPU
		{F2B162C1-22D2-47C1-9076-1170DC6C3679}.CD_ROM|Any CPU.Build.0 = Release|Any CPU
		{F2B162C1-22D2-47C1-9076-1170DC6C3679}.Debug|Any CPU.ActiveCfg = Debug|Any CPU
		{F2B162C1-22D2-47C1-9076-1170DC6C3679}.Debug|Any CPU.Build.0 = Debug|Any CPU
		{F2B162C1-22D2-47C1-9076-1170DC6C3679}.DebugLocal|Any CPU.ActiveCfg = Debug|Any CPU
		{F2B162C1-22D2-47C1-9076-1170DC6C3679}.DebugLocal|Any CPU.Build.0 = Debug|Any CPU
		{F2B162C1-22D2-47C1-9076-1170DC6C3679}.DVD-5|Any CPU.ActiveCfg = Debug|Any CPU
		{F2B162C1-22D2-47C1-9076-1170DC6C3679}.DVD-5|Any CPU.Build.0 = Debug|Any CPU
		{F2B162C1-22D2-47C1-9076-1170DC6C3679}.Release|Any CPU.ActiveCfg = Release|Any CPU
		{F2B162C1-22D2-47C1-9076-1170DC6C3679}.Release|Any CPU.Build.0 = Release|Any CPU
		{F2B162C1-22D2-47C1-9076-1170DC6C3679}.SingleImage|Any CPU.ActiveCfg = Release|Any CPU
		{F2B162C1-22D2-47C1-9076-1170DC6C3679}.SingleImage|Any CPU.Build.0 = Release|Any CPU
		{3F601EA5-4A47-4304-A111-A6ED5BE4B4FD}.CD_ROM|Any CPU.ActiveCfg = Release|Any CPU
		{3F601EA5-4A47-4304-A111-A6ED5BE4B4FD}.CD_ROM|Any CPU.Build.0 = Release|Any CPU
		{3F601EA5-4A47-4304-A111-A6ED5BE4B4FD}.Debug|Any CPU.ActiveCfg = Debug|Any CPU
		{3F601EA5-4A47-4304-A111-A6ED5BE4B4FD}.Debug|Any CPU.Build.0 = Debug|Any CPU
		{3F601EA5-4A47-4304-A111-A6ED5BE4B4FD}.DebugLocal|Any CPU.ActiveCfg = Debug|Any CPU
		{3F601EA5-4A47-4304-A111-A6ED5BE4B4FD}.DebugLocal|Any CPU.Build.0 = Debug|Any CPU
		{3F601EA5-4A47-4304-A111-A6ED5BE4B4FD}.DVD-5|Any CPU.ActiveCfg = Debug|Any CPU
		{3F601EA5-4A47-4304-A111-A6ED5BE4B4FD}.DVD-5|Any CPU.Build.0 = Debug|Any CPU
		{3F601EA5-4A47-4304-A111-A6ED5BE4B4FD}.Release|Any CPU.ActiveCfg = Release|Any CPU
		{3F601EA5-4A47-4304-A111-A6ED5BE4B4FD}.Release|Any CPU.Build.0 = Release|Any CPU
		{3F601EA5-4A47-4304-A111-A6ED5BE4B4FD}.SingleImage|Any CPU.ActiveCfg = Release|Any CPU
		{3F601EA5-4A47-4304-A111-A6ED5BE4B4FD}.SingleImage|Any CPU.Build.0 = Release|Any CPU
		{946EC2E6-5998-4852-8C57-AD77F3BBDCE6}.CD_ROM|Any CPU.ActiveCfg = Release|Any CPU
		{946EC2E6-5998-4852-8C57-AD77F3BBDCE6}.CD_ROM|Any CPU.Build.0 = Release|Any CPU
		{946EC2E6-5998-4852-8C57-AD77F3BBDCE6}.Debug|Any CPU.ActiveCfg = Debug|Any CPU
		{946EC2E6-5998-4852-8C57-AD77F3BBDCE6}.Debug|Any CPU.Build.0 = Debug|Any CPU
		{946EC2E6-5998-4852-8C57-AD77F3BBDCE6}.DebugLocal|Any CPU.ActiveCfg = Debug|Any CPU
		{946EC2E6-5998-4852-8C57-AD77F3BBDCE6}.DebugLocal|Any CPU.Build.0 = Debug|Any CPU
		{946EC2E6-5998-4852-8C57-AD77F3BBDCE6}.DVD-5|Any CPU.ActiveCfg = Debug|Any CPU
		{946EC2E6-5998-4852-8C57-AD77F3BBDCE6}.DVD-5|Any CPU.Build.0 = Debug|Any CPU
		{946EC2E6-5998-4852-8C57-AD77F3BBDCE6}.Release|Any CPU.ActiveCfg = Release|Any CPU
		{946EC2E6-5998-4852-8C57-AD77F3BBDCE6}.Release|Any CPU.Build.0 = Release|Any CPU
		{946EC2E6-5998-4852-8C57-AD77F3BBDCE6}.SingleImage|Any CPU.ActiveCfg = Release|Any CPU
		{946EC2E6-5998-4852-8C57-AD77F3BBDCE6}.SingleImage|Any CPU.Build.0 = Release|Any CPU
		{93453913-D10E-46B3-ADFE-A50E9FB5226D}.CD_ROM|Any CPU.ActiveCfg = Release|Any CPU
		{93453913-D10E-46B3-ADFE-A50E9FB5226D}.CD_ROM|Any CPU.Build.0 = Release|Any CPU
		{93453913-D10E-46B3-ADFE-A50E9FB5226D}.Debug|Any CPU.ActiveCfg = Debug|Any CPU
		{93453913-D10E-46B3-ADFE-A50E9FB5226D}.Debug|Any CPU.Build.0 = Debug|Any CPU
		{93453913-D10E-46B3-ADFE-A50E9FB5226D}.DebugLocal|Any CPU.ActiveCfg = Debug|Any CPU
		{93453913-D10E-46B3-ADFE-A50E9FB5226D}.DebugLocal|Any CPU.Build.0 = Debug|Any CPU
		{93453913-D10E-46B3-ADFE-A50E9FB5226D}.DVD-5|Any CPU.ActiveCfg = Debug|Any CPU
		{93453913-D10E-46B3-ADFE-A50E9FB5226D}.DVD-5|Any CPU.Build.0 = Debug|Any CPU
		{93453913-D10E-46B3-ADFE-A50E9FB5226D}.Release|Any CPU.ActiveCfg = Release|Any CPU
		{93453913-D10E-46B3-ADFE-A50E9FB5226D}.Release|Any CPU.Build.0 = Release|Any CPU
		{93453913-D10E-46B3-ADFE-A50E9FB5226D}.SingleImage|Any CPU.ActiveCfg = Release|Any CPU
		{93453913-D10E-46B3-ADFE-A50E9FB5226D}.SingleImage|Any CPU.Build.0 = Release|Any CPU
		{4D0B3594-A787-4982-870D-3F079D2F4B86}.CD_ROM|Any CPU.ActiveCfg = Release|Any CPU
		{4D0B3594-A787-4982-870D-3F079D2F4B86}.CD_ROM|Any CPU.Build.0 = Release|Any CPU
		{4D0B3594-A787-4982-870D-3F079D2F4B86}.Debug|Any CPU.ActiveCfg = Debug|Any CPU
		{4D0B3594-A787-4982-870D-3F079D2F4B86}.Debug|Any CPU.Build.0 = Debug|Any CPU
		{4D0B3594-A787-4982-870D-3F079D2F4B86}.DebugLocal|Any CPU.ActiveCfg = Debug|Any CPU
		{4D0B3594-A787-4982-870D-3F079D2F4B86}.DebugLocal|Any CPU.Build.0 = Debug|Any CPU
		{4D0B3594-A787-4982-870D-3F079D2F4B86}.DVD-5|Any CPU.ActiveCfg = Debug|Any CPU
		{4D0B3594-A787-4982-870D-3F079D2F4B86}.DVD-5|Any CPU.Build.0 = Debug|Any CPU
		{4D0B3594-A787-4982-870D-3F079D2F4B86}.Release|Any CPU.ActiveCfg = Release|Any CPU
		{4D0B3594-A787-4982-870D-3F079D2F4B86}.Release|Any CPU.Build.0 = Release|Any CPU
		{4D0B3594-A787-4982-870D-3F079D2F4B86}.SingleImage|Any CPU.ActiveCfg = Release|Any CPU
		{4D0B3594-A787-4982-870D-3F079D2F4B86}.SingleImage|Any CPU.Build.0 = Release|Any CPU
		{47AD61E6-E59A-4148-B7EE-4D35E3485442}.CD_ROM|Any CPU.ActiveCfg = Release|Any CPU
		{47AD61E6-E59A-4148-B7EE-4D35E3485442}.CD_ROM|Any CPU.Build.0 = Release|Any CPU
		{47AD61E6-E59A-4148-B7EE-4D35E3485442}.Debug|Any CPU.ActiveCfg = Debug|Any CPU
		{47AD61E6-E59A-4148-B7EE-4D35E3485442}.Debug|Any CPU.Build.0 = Debug|Any CPU
		{47AD61E6-E59A-4148-B7EE-4D35E3485442}.DebugLocal|Any CPU.ActiveCfg = Debug|Any CPU
		{47AD61E6-E59A-4148-B7EE-4D35E3485442}.DebugLocal|Any CPU.Build.0 = Debug|Any CPU
		{47AD61E6-E59A-4148-B7EE-4D35E3485442}.DVD-5|Any CPU.ActiveCfg = Debug|Any CPU
		{47AD61E6-E59A-4148-B7EE-4D35E3485442}.DVD-5|Any CPU.Build.0 = Debug|Any CPU
		{47AD61E6-E59A-4148-B7EE-4D35E3485442}.Release|Any CPU.ActiveCfg = Release|Any CPU
		{47AD61E6-E59A-4148-B7EE-4D35E3485442}.Release|Any CPU.Build.0 = Release|Any CPU
		{47AD61E6-E59A-4148-B7EE-4D35E3485442}.SingleImage|Any CPU.ActiveCfg = Release|Any CPU
		{47AD61E6-E59A-4148-B7EE-4D35E3485442}.SingleImage|Any CPU.Build.0 = Release|Any CPU
		{46F1C90F-4850-4C82-B2D6-165959B03054}.CD_ROM|Any CPU.ActiveCfg = Release|Any CPU
		{46F1C90F-4850-4C82-B2D6-165959B03054}.CD_ROM|Any CPU.Build.0 = Release|Any CPU
		{46F1C90F-4850-4C82-B2D6-165959B03054}.Debug|Any CPU.ActiveCfg = Debug|Any CPU
		{46F1C90F-4850-4C82-B2D6-165959B03054}.Debug|Any CPU.Build.0 = Debug|Any CPU
		{46F1C90F-4850-4C82-B2D6-165959B03054}.DebugLocal|Any CPU.ActiveCfg = Debug|Any CPU
		{46F1C90F-4850-4C82-B2D6-165959B03054}.DebugLocal|Any CPU.Build.0 = Debug|Any CPU
		{46F1C90F-4850-4C82-B2D6-165959B03054}.DVD-5|Any CPU.ActiveCfg = Debug|Any CPU
		{46F1C90F-4850-4C82-B2D6-165959B03054}.DVD-5|Any CPU.Build.0 = Debug|Any CPU
		{46F1C90F-4850-4C82-B2D6-165959B03054}.Release|Any CPU.ActiveCfg = Release|Any CPU
		{46F1C90F-4850-4C82-B2D6-165959B03054}.Release|Any CPU.Build.0 = Release|Any CPU
		{46F1C90F-4850-4C82-B2D6-165959B03054}.SingleImage|Any CPU.ActiveCfg = Release|Any CPU
		{46F1C90F-4850-4C82-B2D6-165959B03054}.SingleImage|Any CPU.Build.0 = Release|Any CPU
		{C52D443C-1A6E-43D6-9B23-4F242459C6AA}.CD_ROM|Any CPU.ActiveCfg = Release|Any CPU
		{C52D443C-1A6E-43D6-9B23-4F242459C6AA}.CD_ROM|Any CPU.Build.0 = Release|Any CPU
		{C52D443C-1A6E-43D6-9B23-4F242459C6AA}.Debug|Any CPU.ActiveCfg = Debug|Any CPU
		{C52D443C-1A6E-43D6-9B23-4F242459C6AA}.Debug|Any CPU.Build.0 = Debug|Any CPU
		{C52D443C-1A6E-43D6-9B23-4F242459C6AA}.DebugLocal|Any CPU.ActiveCfg = Debug|Any CPU
		{C52D443C-1A6E-43D6-9B23-4F242459C6AA}.DebugLocal|Any CPU.Build.0 = Debug|Any CPU
		{C52D443C-1A6E-43D6-9B23-4F242459C6AA}.DVD-5|Any CPU.ActiveCfg = Debug|Any CPU
		{C52D443C-1A6E-43D6-9B23-4F242459C6AA}.DVD-5|Any CPU.Build.0 = Debug|Any CPU
		{C52D443C-1A6E-43D6-9B23-4F242459C6AA}.Release|Any CPU.ActiveCfg = Release|Any CPU
		{C52D443C-1A6E-43D6-9B23-4F242459C6AA}.Release|Any CPU.Build.0 = Release|Any CPU
		{C52D443C-1A6E-43D6-9B23-4F242459C6AA}.SingleImage|Any CPU.ActiveCfg = Release|Any CPU
		{C52D443C-1A6E-43D6-9B23-4F242459C6AA}.SingleImage|Any CPU.Build.0 = Release|Any CPU
		{C8135C09-08DF-47BC-BF31-18AC41AB1D95}.CD_ROM|Any CPU.ActiveCfg = Release|Any CPU
		{C8135C09-08DF-47BC-BF31-18AC41AB1D95}.CD_ROM|Any CPU.Build.0 = Release|Any CPU
		{C8135C09-08DF-47BC-BF31-18AC41AB1D95}.Debug|Any CPU.ActiveCfg = Debug|Any CPU
		{C8135C09-08DF-47BC-BF31-18AC41AB1D95}.Debug|Any CPU.Build.0 = Debug|Any CPU
		{C8135C09-08DF-47BC-BF31-18AC41AB1D95}.DebugLocal|Any CPU.ActiveCfg = Debug|Any CPU
		{C8135C09-08DF-47BC-BF31-18AC41AB1D95}.DebugLocal|Any CPU.Build.0 = Debug|Any CPU
		{C8135C09-08DF-47BC-BF31-18AC41AB1D95}.DVD-5|Any CPU.ActiveCfg = Debug|Any CPU
		{C8135C09-08DF-47BC-BF31-18AC41AB1D95}.DVD-5|Any CPU.Build.0 = Debug|Any CPU
		{C8135C09-08DF-47BC-BF31-18AC41AB1D95}.Release|Any CPU.ActiveCfg = Release|Any CPU
		{C8135C09-08DF-47BC-BF31-18AC41AB1D95}.Release|Any CPU.Build.0 = Release|Any CPU
		{C8135C09-08DF-47BC-BF31-18AC41AB1D95}.SingleImage|Any CPU.ActiveCfg = Release|Any CPU
		{C8135C09-08DF-47BC-BF31-18AC41AB1D95}.SingleImage|Any CPU.Build.0 = Release|Any CPU
		{7535A2BA-76B9-4A79-870A-4A533EE784DB}.CD_ROM|Any CPU.ActiveCfg = Release|Any CPU
		{7535A2BA-76B9-4A79-870A-4A533EE784DB}.CD_ROM|Any CPU.Build.0 = Release|Any CPU
		{7535A2BA-76B9-4A79-870A-4A533EE784DB}.Debug|Any CPU.ActiveCfg = Debug|Any CPU
		{7535A2BA-76B9-4A79-870A-4A533EE784DB}.Debug|Any CPU.Build.0 = Debug|Any CPU
		{7535A2BA-76B9-4A79-870A-4A533EE784DB}.DebugLocal|Any CPU.ActiveCfg = Debug|Any CPU
		{7535A2BA-76B9-4A79-870A-4A533EE784DB}.DebugLocal|Any CPU.Build.0 = Debug|Any CPU
		{7535A2BA-76B9-4A79-870A-4A533EE784DB}.DVD-5|Any CPU.ActiveCfg = Debug|Any CPU
		{7535A2BA-76B9-4A79-870A-4A533EE784DB}.DVD-5|Any CPU.Build.0 = Debug|Any CPU
		{7535A2BA-76B9-4A79-870A-4A533EE784DB}.Release|Any CPU.ActiveCfg = Release|Any CPU
		{7535A2BA-76B9-4A79-870A-4A533EE784DB}.Release|Any CPU.Build.0 = Release|Any CPU
		{7535A2BA-76B9-4A79-870A-4A533EE784DB}.SingleImage|Any CPU.ActiveCfg = Release|Any CPU
		{7535A2BA-76B9-4A79-870A-4A533EE784DB}.SingleImage|Any CPU.Build.0 = Release|Any CPU
		{FA594CF7-5EC4-4258-9FA3-009E2CB8F637}.CD_ROM|Any CPU.ActiveCfg = Release|Any CPU
		{FA594CF7-5EC4-4258-9FA3-009E2CB8F637}.CD_ROM|Any CPU.Build.0 = Release|Any CPU
		{FA594CF7-5EC4-4258-9FA3-009E2CB8F637}.Debug|Any CPU.ActiveCfg = Debug|Any CPU
		{FA594CF7-5EC4-4258-9FA3-009E2CB8F637}.Debug|Any CPU.Build.0 = Debug|Any CPU
		{FA594CF7-5EC4-4258-9FA3-009E2CB8F637}.DebugLocal|Any CPU.ActiveCfg = Debug|Any CPU
		{FA594CF7-5EC4-4258-9FA3-009E2CB8F637}.DebugLocal|Any CPU.Build.0 = Debug|Any CPU
		{FA594CF7-5EC4-4258-9FA3-009E2CB8F637}.DVD-5|Any CPU.ActiveCfg = Debug|Any CPU
		{FA594CF7-5EC4-4258-9FA3-009E2CB8F637}.DVD-5|Any CPU.Build.0 = Debug|Any CPU
		{FA594CF7-5EC4-4258-9FA3-009E2CB8F637}.Release|Any CPU.ActiveCfg = Release|Any CPU
		{FA594CF7-5EC4-4258-9FA3-009E2CB8F637}.Release|Any CPU.Build.0 = Release|Any CPU
		{FA594CF7-5EC4-4258-9FA3-009E2CB8F637}.SingleImage|Any CPU.ActiveCfg = Release|Any CPU
		{FA594CF7-5EC4-4258-9FA3-009E2CB8F637}.SingleImage|Any CPU.Build.0 = Release|Any CPU
		{BDB2EFD0-03E6-471A-AFC5-41F5B1E9BB35}.CD_ROM|Any CPU.ActiveCfg = Release|Any CPU
		{BDB2EFD0-03E6-471A-AFC5-41F5B1E9BB35}.CD_ROM|Any CPU.Build.0 = Release|Any CPU
		{BDB2EFD0-03E6-471A-AFC5-41F5B1E9BB35}.Debug|Any CPU.ActiveCfg = Debug|Any CPU
		{BDB2EFD0-03E6-471A-AFC5-41F5B1E9BB35}.Debug|Any CPU.Build.0 = Debug|Any CPU
		{BDB2EFD0-03E6-471A-AFC5-41F5B1E9BB35}.DebugLocal|Any CPU.ActiveCfg = Debug|Any CPU
		{BDB2EFD0-03E6-471A-AFC5-41F5B1E9BB35}.DebugLocal|Any CPU.Build.0 = Debug|Any CPU
		{BDB2EFD0-03E6-471A-AFC5-41F5B1E9BB35}.DVD-5|Any CPU.ActiveCfg = Debug|Any CPU
		{BDB2EFD0-03E6-471A-AFC5-41F5B1E9BB35}.DVD-5|Any CPU.Build.0 = Debug|Any CPU
		{BDB2EFD0-03E6-471A-AFC5-41F5B1E9BB35}.Release|Any CPU.ActiveCfg = Release|Any CPU
		{BDB2EFD0-03E6-471A-AFC5-41F5B1E9BB35}.Release|Any CPU.Build.0 = Release|Any CPU
		{BDB2EFD0-03E6-471A-AFC5-41F5B1E9BB35}.SingleImage|Any CPU.ActiveCfg = Release|Any CPU
		{BDB2EFD0-03E6-471A-AFC5-41F5B1E9BB35}.SingleImage|Any CPU.Build.0 = Release|Any CPU
		{58E04975-AC8A-42BB-9A49-D68B48F84E79}.CD_ROM|Any CPU.ActiveCfg = Release|Any CPU
		{58E04975-AC8A-42BB-9A49-D68B48F84E79}.CD_ROM|Any CPU.Build.0 = Release|Any CPU
		{58E04975-AC8A-42BB-9A49-D68B48F84E79}.Debug|Any CPU.ActiveCfg = Debug|Any CPU
		{58E04975-AC8A-42BB-9A49-D68B48F84E79}.Debug|Any CPU.Build.0 = Debug|Any CPU
		{58E04975-AC8A-42BB-9A49-D68B48F84E79}.DebugLocal|Any CPU.ActiveCfg = Debug|Any CPU
		{58E04975-AC8A-42BB-9A49-D68B48F84E79}.DebugLocal|Any CPU.Build.0 = Debug|Any CPU
		{58E04975-AC8A-42BB-9A49-D68B48F84E79}.DVD-5|Any CPU.ActiveCfg = Debug|Any CPU
		{58E04975-AC8A-42BB-9A49-D68B48F84E79}.DVD-5|Any CPU.Build.0 = Debug|Any CPU
		{58E04975-AC8A-42BB-9A49-D68B48F84E79}.Release|Any CPU.ActiveCfg = Release|Any CPU
		{58E04975-AC8A-42BB-9A49-D68B48F84E79}.Release|Any CPU.Build.0 = Release|Any CPU
		{58E04975-AC8A-42BB-9A49-D68B48F84E79}.SingleImage|Any CPU.ActiveCfg = Release|Any CPU
		{58E04975-AC8A-42BB-9A49-D68B48F84E79}.SingleImage|Any CPU.Build.0 = Release|Any CPU
		{D6FD4A95-B6E6-43A8-9F39-BD7287578396}.CD_ROM|Any CPU.ActiveCfg = Release|Any CPU
		{D6FD4A95-B6E6-43A8-9F39-BD7287578396}.CD_ROM|Any CPU.Build.0 = Release|Any CPU
		{D6FD4A95-B6E6-43A8-9F39-BD7287578396}.Debug|Any CPU.ActiveCfg = Debug|Any CPU
		{D6FD4A95-B6E6-43A8-9F39-BD7287578396}.Debug|Any CPU.Build.0 = Debug|Any CPU
		{D6FD4A95-B6E6-43A8-9F39-BD7287578396}.DebugLocal|Any CPU.ActiveCfg = Debug|Any CPU
		{D6FD4A95-B6E6-43A8-9F39-BD7287578396}.DebugLocal|Any CPU.Build.0 = Debug|Any CPU
		{D6FD4A95-B6E6-43A8-9F39-BD7287578396}.DVD-5|Any CPU.ActiveCfg = Debug|Any CPU
		{D6FD4A95-B6E6-43A8-9F39-BD7287578396}.DVD-5|Any CPU.Build.0 = Debug|Any CPU
		{D6FD4A95-B6E6-43A8-9F39-BD7287578396}.Release|Any CPU.ActiveCfg = Release|Any CPU
		{D6FD4A95-B6E6-43A8-9F39-BD7287578396}.Release|Any CPU.Build.0 = Release|Any CPU
		{D6FD4A95-B6E6-43A8-9F39-BD7287578396}.SingleImage|Any CPU.ActiveCfg = Release|Any CPU
		{D6FD4A95-B6E6-43A8-9F39-BD7287578396}.SingleImage|Any CPU.Build.0 = Release|Any CPU
		{27A2EEEA-4E4B-4713-A8F5-D827B980EFC8}.CD_ROM|Any CPU.ActiveCfg = Release|Any CPU
		{27A2EEEA-4E4B-4713-A8F5-D827B980EFC8}.CD_ROM|Any CPU.Build.0 = Release|Any CPU
		{27A2EEEA-4E4B-4713-A8F5-D827B980EFC8}.Debug|Any CPU.ActiveCfg = Debug|Any CPU
		{27A2EEEA-4E4B-4713-A8F5-D827B980EFC8}.Debug|Any CPU.Build.0 = Debug|Any CPU
		{27A2EEEA-4E4B-4713-A8F5-D827B980EFC8}.DebugLocal|Any CPU.ActiveCfg = Debug|Any CPU
		{27A2EEEA-4E4B-4713-A8F5-D827B980EFC8}.DebugLocal|Any CPU.Build.0 = Debug|Any CPU
		{27A2EEEA-4E4B-4713-A8F5-D827B980EFC8}.DVD-5|Any CPU.ActiveCfg = Debug|Any CPU
		{27A2EEEA-4E4B-4713-A8F5-D827B980EFC8}.DVD-5|Any CPU.Build.0 = Debug|Any CPU
		{27A2EEEA-4E4B-4713-A8F5-D827B980EFC8}.Release|Any CPU.ActiveCfg = Release|Any CPU
		{27A2EEEA-4E4B-4713-A8F5-D827B980EFC8}.Release|Any CPU.Build.0 = Release|Any CPU
		{27A2EEEA-4E4B-4713-A8F5-D827B980EFC8}.SingleImage|Any CPU.ActiveCfg = Release|Any CPU
		{27A2EEEA-4E4B-4713-A8F5-D827B980EFC8}.SingleImage|Any CPU.Build.0 = Release|Any CPU
		{AE87507A-FE20-48E4-B398-BFB498E3B1EB}.CD_ROM|Any CPU.ActiveCfg = CD_ROM
		{AE87507A-FE20-48E4-B398-BFB498E3B1EB}.CD_ROM|Any CPU.Build.0 = CD_ROM
		{AE87507A-FE20-48E4-B398-BFB498E3B1EB}.Debug|Any CPU.ActiveCfg = DVD-5
		{AE87507A-FE20-48E4-B398-BFB498E3B1EB}.Debug|Any CPU.Build.0 = DVD-5
		{AE87507A-FE20-48E4-B398-BFB498E3B1EB}.DebugLocal|Any CPU.ActiveCfg = DVD-5
		{AE87507A-FE20-48E4-B398-BFB498E3B1EB}.DVD-5|Any CPU.ActiveCfg = DVD-5
		{AE87507A-FE20-48E4-B398-BFB498E3B1EB}.DVD-5|Any CPU.Build.0 = DVD-5
		{AE87507A-FE20-48E4-B398-BFB498E3B1EB}.Release|Any CPU.ActiveCfg = SingleImage
		{AE87507A-FE20-48E4-B398-BFB498E3B1EB}.Release|Any CPU.Build.0 = SingleImage
		{AE87507A-FE20-48E4-B398-BFB498E3B1EB}.SingleImage|Any CPU.ActiveCfg = SingleImage
		{AE87507A-FE20-48E4-B398-BFB498E3B1EB}.SingleImage|Any CPU.Build.0 = SingleImage
		{AEB88C37-8F73-471C-926B-3E049144D7A8}.CD_ROM|Any CPU.ActiveCfg = Release
		{AEB88C37-8F73-471C-926B-3E049144D7A8}.CD_ROM|Any CPU.Build.0 = Release
		{AEB88C37-8F73-471C-926B-3E049144D7A8}.CD_ROM|Any CPU.Deploy.0 = Release
		{AEB88C37-8F73-471C-926B-3E049144D7A8}.Debug|Any CPU.ActiveCfg = Debug
		{AEB88C37-8F73-471C-926B-3E049144D7A8}.Debug|Any CPU.Build.0 = Debug
		{AEB88C37-8F73-471C-926B-3E049144D7A8}.Debug|Any CPU.Deploy.0 = Debug
		{AEB88C37-8F73-471C-926B-3E049144D7A8}.DebugLocal|Any CPU.ActiveCfg = DebugLocal
		{AEB88C37-8F73-471C-926B-3E049144D7A8}.DebugLocal|Any CPU.Build.0 = DebugLocal
		{AEB88C37-8F73-471C-926B-3E049144D7A8}.DebugLocal|Any CPU.Deploy.0 = DebugLocal
		{AEB88C37-8F73-471C-926B-3E049144D7A8}.DVD-5|Any CPU.ActiveCfg = DebugLocal
		{AEB88C37-8F73-471C-926B-3E049144D7A8}.DVD-5|Any CPU.Build.0 = DebugLocal
		{AEB88C37-8F73-471C-926B-3E049144D7A8}.DVD-5|Any CPU.Deploy.0 = DebugLocal
		{AEB88C37-8F73-471C-926B-3E049144D7A8}.Release|Any CPU.ActiveCfg = Release
		{AEB88C37-8F73-471C-926B-3E049144D7A8}.Release|Any CPU.Build.0 = Release
		{AEB88C37-8F73-471C-926B-3E049144D7A8}.Release|Any CPU.Deploy.0 = Release
		{AEB88C37-8F73-471C-926B-3E049144D7A8}.SingleImage|Any CPU.ActiveCfg = Release
		{AEB88C37-8F73-471C-926B-3E049144D7A8}.SingleImage|Any CPU.Build.0 = Release
		{AEB88C37-8F73-471C-926B-3E049144D7A8}.SingleImage|Any CPU.Deploy.0 = Release
		{B6EB3332-1E75-484C-8289-9D081AF114BB}.CD_ROM|Any CPU.ActiveCfg = Release|Any CPU
		{B6EB3332-1E75-484C-8289-9D081AF114BB}.CD_ROM|Any CPU.Build.0 = Release|Any CPU
		{B6EB3332-1E75-484C-8289-9D081AF114BB}.Debug|Any CPU.ActiveCfg = Debug|Any CPU
		{B6EB3332-1E75-484C-8289-9D081AF114BB}.Debug|Any CPU.Build.0 = Debug|Any CPU
		{B6EB3332-1E75-484C-8289-9D081AF114BB}.DebugLocal|Any CPU.ActiveCfg = Debug|Any CPU
		{B6EB3332-1E75-484C-8289-9D081AF114BB}.DebugLocal|Any CPU.Build.0 = Debug|Any CPU
		{B6EB3332-1E75-484C-8289-9D081AF114BB}.DVD-5|Any CPU.ActiveCfg = Debug|Any CPU
		{B6EB3332-1E75-484C-8289-9D081AF114BB}.DVD-5|Any CPU.Build.0 = Debug|Any CPU
		{B6EB3332-1E75-484C-8289-9D081AF114BB}.Release|Any CPU.ActiveCfg = Release|Any CPU
		{B6EB3332-1E75-484C-8289-9D081AF114BB}.Release|Any CPU.Build.0 = Release|Any CPU
		{B6EB3332-1E75-484C-8289-9D081AF114BB}.SingleImage|Any CPU.ActiveCfg = Release|Any CPU
		{B6EB3332-1E75-484C-8289-9D081AF114BB}.SingleImage|Any CPU.Build.0 = Release|Any CPU
		{8598694A-A052-4BB0-AC90-7724C133AD5C}.CD_ROM|Any CPU.ActiveCfg = Release|Any CPU
		{8598694A-A052-4BB0-AC90-7724C133AD5C}.CD_ROM|Any CPU.Build.0 = Release|Any CPU
		{8598694A-A052-4BB0-AC90-7724C133AD5C}.Debug|Any CPU.ActiveCfg = Debug|Any CPU
		{8598694A-A052-4BB0-AC90-7724C133AD5C}.Debug|Any CPU.Build.0 = Debug|Any CPU
		{8598694A-A052-4BB0-AC90-7724C133AD5C}.DebugLocal|Any CPU.ActiveCfg = Debug|Any CPU
		{8598694A-A052-4BB0-AC90-7724C133AD5C}.DebugLocal|Any CPU.Build.0 = Debug|Any CPU
		{8598694A-A052-4BB0-AC90-7724C133AD5C}.DVD-5|Any CPU.ActiveCfg = Debug|Any CPU
		{8598694A-A052-4BB0-AC90-7724C133AD5C}.DVD-5|Any CPU.Build.0 = Debug|Any CPU
		{8598694A-A052-4BB0-AC90-7724C133AD5C}.Release|Any CPU.ActiveCfg = Release|Any CPU
		{8598694A-A052-4BB0-AC90-7724C133AD5C}.Release|Any CPU.Build.0 = Release|Any CPU
		{8598694A-A052-4BB0-AC90-7724C133AD5C}.SingleImage|Any CPU.ActiveCfg = Release|Any CPU
		{8598694A-A052-4BB0-AC90-7724C133AD5C}.SingleImage|Any CPU.Build.0 = Release|Any CPU
		{9B468871-08A1-43A3-9CC5-01947B172F4C}.CD_ROM|Any CPU.ActiveCfg = Release|Any CPU
		{9B468871-08A1-43A3-9CC5-01947B172F4C}.CD_ROM|Any CPU.Build.0 = Release|Any CPU
		{9B468871-08A1-43A3-9CC5-01947B172F4C}.Debug|Any CPU.ActiveCfg = Debug|Any CPU
		{9B468871-08A1-43A3-9CC5-01947B172F4C}.Debug|Any CPU.Build.0 = Debug|Any CPU
		{9B468871-08A1-43A3-9CC5-01947B172F4C}.DebugLocal|Any CPU.ActiveCfg = Debug|Any CPU
		{9B468871-08A1-43A3-9CC5-01947B172F4C}.DebugLocal|Any CPU.Build.0 = Debug|Any CPU
		{9B468871-08A1-43A3-9CC5-01947B172F4C}.DVD-5|Any CPU.ActiveCfg = Debug|Any CPU
		{9B468871-08A1-43A3-9CC5-01947B172F4C}.DVD-5|Any CPU.Build.0 = Debug|Any CPU
		{9B468871-08A1-43A3-9CC5-01947B172F4C}.Release|Any CPU.ActiveCfg = Release|Any CPU
		{9B468871-08A1-43A3-9CC5-01947B172F4C}.Release|Any CPU.Build.0 = Release|Any CPU
		{9B468871-08A1-43A3-9CC5-01947B172F4C}.SingleImage|Any CPU.ActiveCfg = Release|Any CPU
		{9B468871-08A1-43A3-9CC5-01947B172F4C}.SingleImage|Any CPU.Build.0 = Release|Any CPU
		{40AE5444-56FF-472C-9D40-B20173F9BDBA}.CD_ROM|Any CPU.ActiveCfg = Release|Any CPU
		{40AE5444-56FF-472C-9D40-B20173F9BDBA}.CD_ROM|Any CPU.Build.0 = Release|Any CPU
		{40AE5444-56FF-472C-9D40-B20173F9BDBA}.Debug|Any CPU.ActiveCfg = Debug|Any CPU
		{40AE5444-56FF-472C-9D40-B20173F9BDBA}.Debug|Any CPU.Build.0 = Debug|Any CPU
		{40AE5444-56FF-472C-9D40-B20173F9BDBA}.DebugLocal|Any CPU.ActiveCfg = Debug|Any CPU
		{40AE5444-56FF-472C-9D40-B20173F9BDBA}.DebugLocal|Any CPU.Build.0 = Debug|Any CPU
		{40AE5444-56FF-472C-9D40-B20173F9BDBA}.DVD-5|Any CPU.ActiveCfg = Debug|Any CPU
		{40AE5444-56FF-472C-9D40-B20173F9BDBA}.DVD-5|Any CPU.Build.0 = Debug|Any CPU
		{40AE5444-56FF-472C-9D40-B20173F9BDBA}.Release|Any CPU.ActiveCfg = Release|Any CPU
		{40AE5444-56FF-472C-9D40-B20173F9BDBA}.Release|Any CPU.Build.0 = Release|Any CPU
		{40AE5444-56FF-472C-9D40-B20173F9BDBA}.SingleImage|Any CPU.ActiveCfg = Release|Any CPU
		{40AE5444-56FF-472C-9D40-B20173F9BDBA}.SingleImage|Any CPU.Build.0 = Release|Any CPU
		{C1FFA45A-CC6C-47FD-940E-6EAADF41C60C}.CD_ROM|Any CPU.ActiveCfg = Release|Any CPU
		{C1FFA45A-CC6C-47FD-940E-6EAADF41C60C}.CD_ROM|Any CPU.Build.0 = Release|Any CPU
		{C1FFA45A-CC6C-47FD-940E-6EAADF41C60C}.Debug|Any CPU.ActiveCfg = Debug|Any CPU
		{C1FFA45A-CC6C-47FD-940E-6EAADF41C60C}.Debug|Any CPU.Build.0 = Debug|Any CPU
		{C1FFA45A-CC6C-47FD-940E-6EAADF41C60C}.DebugLocal|Any CPU.ActiveCfg = Debug|Any CPU
		{C1FFA45A-CC6C-47FD-940E-6EAADF41C60C}.DebugLocal|Any CPU.Build.0 = Debug|Any CPU
		{C1FFA45A-CC6C-47FD-940E-6EAADF41C60C}.DVD-5|Any CPU.ActiveCfg = Debug|Any CPU
		{C1FFA45A-CC6C-47FD-940E-6EAADF41C60C}.DVD-5|Any CPU.Build.0 = Debug|Any CPU
		{C1FFA45A-CC6C-47FD-940E-6EAADF41C60C}.Release|Any CPU.ActiveCfg = Release|Any CPU
		{C1FFA45A-CC6C-47FD-940E-6EAADF41C60C}.Release|Any CPU.Build.0 = Release|Any CPU
		{C1FFA45A-CC6C-47FD-940E-6EAADF41C60C}.SingleImage|Any CPU.ActiveCfg = Release|Any CPU
		{C1FFA45A-CC6C-47FD-940E-6EAADF41C60C}.SingleImage|Any CPU.Build.0 = Release|Any CPU
		{F960EDC9-07E4-4CB2-A427-6DA7C74AD472}.CD_ROM|Any CPU.ActiveCfg = Release|Any CPU
		{F960EDC9-07E4-4CB2-A427-6DA7C74AD472}.CD_ROM|Any CPU.Build.0 = Release|Any CPU
		{F960EDC9-07E4-4CB2-A427-6DA7C74AD472}.Debug|Any CPU.ActiveCfg = Debug|Any CPU
		{F960EDC9-07E4-4CB2-A427-6DA7C74AD472}.Debug|Any CPU.Build.0 = Debug|Any CPU
		{F960EDC9-07E4-4CB2-A427-6DA7C74AD472}.DebugLocal|Any CPU.ActiveCfg = Debug|Any CPU
		{F960EDC9-07E4-4CB2-A427-6DA7C74AD472}.DebugLocal|Any CPU.Build.0 = Debug|Any CPU
		{F960EDC9-07E4-4CB2-A427-6DA7C74AD472}.DVD-5|Any CPU.ActiveCfg = Debug|Any CPU
		{F960EDC9-07E4-4CB2-A427-6DA7C74AD472}.DVD-5|Any CPU.Build.0 = Debug|Any CPU
		{F960EDC9-07E4-4CB2-A427-6DA7C74AD472}.Release|Any CPU.ActiveCfg = Release|Any CPU
		{F960EDC9-07E4-4CB2-A427-6DA7C74AD472}.Release|Any CPU.Build.0 = Release|Any CPU
		{F960EDC9-07E4-4CB2-A427-6DA7C74AD472}.SingleImage|Any CPU.ActiveCfg = Release|Any CPU
		{F960EDC9-07E4-4CB2-A427-6DA7C74AD472}.SingleImage|Any CPU.Build.0 = Release|Any CPU
		{3823A549-6209-4D07-B859-DB42981D5D19}.CD_ROM|Any CPU.ActiveCfg = Release|Any CPU
		{3823A549-6209-4D07-B859-DB42981D5D19}.CD_ROM|Any CPU.Build.0 = Release|Any CPU
		{3823A549-6209-4D07-B859-DB42981D5D19}.Debug|Any CPU.ActiveCfg = Debug|Any CPU
		{3823A549-6209-4D07-B859-DB42981D5D19}.Debug|Any CPU.Build.0 = Debug|Any CPU
		{3823A549-6209-4D07-B859-DB42981D5D19}.DebugLocal|Any CPU.ActiveCfg = Debug|Any CPU
		{3823A549-6209-4D07-B859-DB42981D5D19}.DebugLocal|Any CPU.Build.0 = Debug|Any CPU
		{3823A549-6209-4D07-B859-DB42981D5D19}.DVD-5|Any CPU.ActiveCfg = Debug|Any CPU
		{3823A549-6209-4D07-B859-DB42981D5D19}.DVD-5|Any CPU.Build.0 = Debug|Any CPU
		{3823A549-6209-4D07-B859-DB42981D5D19}.Release|Any CPU.ActiveCfg = Release|Any CPU
		{3823A549-6209-4D07-B859-DB42981D5D19}.Release|Any CPU.Build.0 = Release|Any CPU
		{3823A549-6209-4D07-B859-DB42981D5D19}.SingleImage|Any CPU.ActiveCfg = Release|Any CPU
		{3823A549-6209-4D07-B859-DB42981D5D19}.SingleImage|Any CPU.Build.0 = Release|Any CPU
		{84117807-56B1-419C-8DE5-AD8EA079269B}.CD_ROM|Any CPU.ActiveCfg = Release|Any CPU
		{84117807-56B1-419C-8DE5-AD8EA079269B}.CD_ROM|Any CPU.Build.0 = Release|Any CPU
		{84117807-56B1-419C-8DE5-AD8EA079269B}.Debug|Any CPU.ActiveCfg = Debug|Any CPU
		{84117807-56B1-419C-8DE5-AD8EA079269B}.Debug|Any CPU.Build.0 = Debug|Any CPU
		{84117807-56B1-419C-8DE5-AD8EA079269B}.DebugLocal|Any CPU.ActiveCfg = Debug|Any CPU
		{84117807-56B1-419C-8DE5-AD8EA079269B}.DebugLocal|Any CPU.Build.0 = Debug|Any CPU
		{84117807-56B1-419C-8DE5-AD8EA079269B}.DVD-5|Any CPU.ActiveCfg = Debug|Any CPU
		{84117807-56B1-419C-8DE5-AD8EA079269B}.DVD-5|Any CPU.Build.0 = Debug|Any CPU
		{84117807-56B1-419C-8DE5-AD8EA079269B}.Release|Any CPU.ActiveCfg = Release|Any CPU
		{84117807-56B1-419C-8DE5-AD8EA079269B}.Release|Any CPU.Build.0 = Release|Any CPU
		{84117807-56B1-419C-8DE5-AD8EA079269B}.SingleImage|Any CPU.ActiveCfg = Release|Any CPU
		{84117807-56B1-419C-8DE5-AD8EA079269B}.SingleImage|Any CPU.Build.0 = Release|Any CPU
		{D78F69FB-A6E8-4BCB-A046-A5BEDA598CFE}.CD_ROM|Any CPU.ActiveCfg = Release|Any CPU
		{D78F69FB-A6E8-4BCB-A046-A5BEDA598CFE}.CD_ROM|Any CPU.Build.0 = Release|Any CPU
		{D78F69FB-A6E8-4BCB-A046-A5BEDA598CFE}.Debug|Any CPU.ActiveCfg = Debug|Any CPU
		{D78F69FB-A6E8-4BCB-A046-A5BEDA598CFE}.Debug|Any CPU.Build.0 = Debug|Any CPU
		{D78F69FB-A6E8-4BCB-A046-A5BEDA598CFE}.DebugLocal|Any CPU.ActiveCfg = Debug|Any CPU
		{D78F69FB-A6E8-4BCB-A046-A5BEDA598CFE}.DebugLocal|Any CPU.Build.0 = Debug|Any CPU
		{D78F69FB-A6E8-4BCB-A046-A5BEDA598CFE}.DVD-5|Any CPU.ActiveCfg = Debug|Any CPU
		{D78F69FB-A6E8-4BCB-A046-A5BEDA598CFE}.DVD-5|Any CPU.Build.0 = Debug|Any CPU
		{D78F69FB-A6E8-4BCB-A046-A5BEDA598CFE}.Release|Any CPU.ActiveCfg = Release|Any CPU
		{D78F69FB-A6E8-4BCB-A046-A5BEDA598CFE}.Release|Any CPU.Build.0 = Release|Any CPU
		{D78F69FB-A6E8-4BCB-A046-A5BEDA598CFE}.SingleImage|Any CPU.ActiveCfg = Release|Any CPU
		{D78F69FB-A6E8-4BCB-A046-A5BEDA598CFE}.SingleImage|Any CPU.Build.0 = Release|Any CPU
		{AC4634B2-ACE6-42C0-B908-49AEA2CA9290}.CD_ROM|Any CPU.ActiveCfg = Release|Any CPU
		{AC4634B2-ACE6-42C0-B908-49AEA2CA9290}.CD_ROM|Any CPU.Build.0 = Release|Any CPU
		{AC4634B2-ACE6-42C0-B908-49AEA2CA9290}.Debug|Any CPU.ActiveCfg = Debug|Any CPU
		{AC4634B2-ACE6-42C0-B908-49AEA2CA9290}.Debug|Any CPU.Build.0 = Debug|Any CPU
		{AC4634B2-ACE6-42C0-B908-49AEA2CA9290}.DebugLocal|Any CPU.ActiveCfg = Debug|Any CPU
		{AC4634B2-ACE6-42C0-B908-49AEA2CA9290}.DebugLocal|Any CPU.Build.0 = Debug|Any CPU
		{AC4634B2-ACE6-42C0-B908-49AEA2CA9290}.DVD-5|Any CPU.ActiveCfg = Debug|Any CPU
		{AC4634B2-ACE6-42C0-B908-49AEA2CA9290}.DVD-5|Any CPU.Build.0 = Debug|Any CPU
		{AC4634B2-ACE6-42C0-B908-49AEA2CA9290}.Release|Any CPU.ActiveCfg = Release|Any CPU
		{AC4634B2-ACE6-42C0-B908-49AEA2CA9290}.Release|Any CPU.Build.0 = Release|Any CPU
		{AC4634B2-ACE6-42C0-B908-49AEA2CA9290}.SingleImage|Any CPU.ActiveCfg = Release|Any CPU
		{AC4634B2-ACE6-42C0-B908-49AEA2CA9290}.SingleImage|Any CPU.Build.0 = Release|Any CPU
		{D56E14FC-7536-43E1-819C-0C11174BED1F}.CD_ROM|Any CPU.ActiveCfg = Release|Any CPU
		{D56E14FC-7536-43E1-819C-0C11174BED1F}.CD_ROM|Any CPU.Build.0 = Release|Any CPU
		{D56E14FC-7536-43E1-819C-0C11174BED1F}.Debug|Any CPU.ActiveCfg = Debug|Any CPU
		{D56E14FC-7536-43E1-819C-0C11174BED1F}.Debug|Any CPU.Build.0 = Debug|Any CPU
		{D56E14FC-7536-43E1-819C-0C11174BED1F}.DebugLocal|Any CPU.ActiveCfg = Debug|Any CPU
		{D56E14FC-7536-43E1-819C-0C11174BED1F}.DebugLocal|Any CPU.Build.0 = Debug|Any CPU
		{D56E14FC-7536-43E1-819C-0C11174BED1F}.DVD-5|Any CPU.ActiveCfg = Debug|Any CPU
		{D56E14FC-7536-43E1-819C-0C11174BED1F}.DVD-5|Any CPU.Build.0 = Debug|Any CPU
		{D56E14FC-7536-43E1-819C-0C11174BED1F}.Release|Any CPU.ActiveCfg = Release|Any CPU
		{D56E14FC-7536-43E1-819C-0C11174BED1F}.Release|Any CPU.Build.0 = Release|Any CPU
		{D56E14FC-7536-43E1-819C-0C11174BED1F}.SingleImage|Any CPU.ActiveCfg = Release|Any CPU
		{D56E14FC-7536-43E1-819C-0C11174BED1F}.SingleImage|Any CPU.Build.0 = Release|Any CPU
		{B30A232A-AD2C-4AA0-BDDA-2D860F092FAD}.CD_ROM|Any CPU.ActiveCfg = Release|Any CPU
		{B30A232A-AD2C-4AA0-BDDA-2D860F092FAD}.CD_ROM|Any CPU.Build.0 = Release|Any CPU
		{B30A232A-AD2C-4AA0-BDDA-2D860F092FAD}.Debug|Any CPU.ActiveCfg = Debug|Any CPU
		{B30A232A-AD2C-4AA0-BDDA-2D860F092FAD}.Debug|Any CPU.Build.0 = Debug|Any CPU
		{B30A232A-AD2C-4AA0-BDDA-2D860F092FAD}.DebugLocal|Any CPU.ActiveCfg = Debug|Any CPU
		{B30A232A-AD2C-4AA0-BDDA-2D860F092FAD}.DebugLocal|Any CPU.Build.0 = Debug|Any CPU
		{B30A232A-AD2C-4AA0-BDDA-2D860F092FAD}.DVD-5|Any CPU.ActiveCfg = Debug|Any CPU
		{B30A232A-AD2C-4AA0-BDDA-2D860F092FAD}.DVD-5|Any CPU.Build.0 = Debug|Any CPU
		{B30A232A-AD2C-4AA0-BDDA-2D860F092FAD}.Release|Any CPU.ActiveCfg = Release|Any CPU
		{B30A232A-AD2C-4AA0-BDDA-2D860F092FAD}.Release|Any CPU.Build.0 = Release|Any CPU
		{B30A232A-AD2C-4AA0-BDDA-2D860F092FAD}.SingleImage|Any CPU.ActiveCfg = Release|Any CPU
		{B30A232A-AD2C-4AA0-BDDA-2D860F092FAD}.SingleImage|Any CPU.Build.0 = Release|Any CPU
		{D588B2EE-0741-4FDC-A9EC-BDF90F06ABB2}.CD_ROM|Any CPU.ActiveCfg = Release|Any CPU
		{D588B2EE-0741-4FDC-A9EC-BDF90F06ABB2}.CD_ROM|Any CPU.Build.0 = Release|Any CPU
		{D588B2EE-0741-4FDC-A9EC-BDF90F06ABB2}.Debug|Any CPU.ActiveCfg = Debug|Any CPU
		{D588B2EE-0741-4FDC-A9EC-BDF90F06ABB2}.Debug|Any CPU.Build.0 = Debug|Any CPU
		{D588B2EE-0741-4FDC-A9EC-BDF90F06ABB2}.DebugLocal|Any CPU.ActiveCfg = Debug|Any CPU
		{D588B2EE-0741-4FDC-A9EC-BDF90F06ABB2}.DebugLocal|Any CPU.Build.0 = Debug|Any CPU
		{D588B2EE-0741-4FDC-A9EC-BDF90F06ABB2}.DVD-5|Any CPU.ActiveCfg = Debug|Any CPU
		{D588B2EE-0741-4FDC-A9EC-BDF90F06ABB2}.DVD-5|Any CPU.Build.0 = Debug|Any CPU
		{D588B2EE-0741-4FDC-A9EC-BDF90F06ABB2}.Release|Any CPU.ActiveCfg = Release|Any CPU
		{D588B2EE-0741-4FDC-A9EC-BDF90F06ABB2}.Release|Any CPU.Build.0 = Release|Any CPU
		{D588B2EE-0741-4FDC-A9EC-BDF90F06ABB2}.SingleImage|Any CPU.ActiveCfg = Release|Any CPU
		{D588B2EE-0741-4FDC-A9EC-BDF90F06ABB2}.SingleImage|Any CPU.Build.0 = Release|Any CPU
		{5BC98324-6E74-4475-A917-CAB0AC10D0B4}.CD_ROM|Any CPU.ActiveCfg = Release|Any CPU
		{5BC98324-6E74-4475-A917-CAB0AC10D0B4}.CD_ROM|Any CPU.Build.0 = Release|Any CPU
		{5BC98324-6E74-4475-A917-CAB0AC10D0B4}.Debug|Any CPU.ActiveCfg = Debug|Any CPU
		{5BC98324-6E74-4475-A917-CAB0AC10D0B4}.Debug|Any CPU.Build.0 = Debug|Any CPU
		{5BC98324-6E74-4475-A917-CAB0AC10D0B4}.DebugLocal|Any CPU.ActiveCfg = Debug|Any CPU
		{5BC98324-6E74-4475-A917-CAB0AC10D0B4}.DebugLocal|Any CPU.Build.0 = Debug|Any CPU
		{5BC98324-6E74-4475-A917-CAB0AC10D0B4}.DVD-5|Any CPU.ActiveCfg = Debug|Any CPU
		{5BC98324-6E74-4475-A917-CAB0AC10D0B4}.DVD-5|Any CPU.Build.0 = Debug|Any CPU
		{5BC98324-6E74-4475-A917-CAB0AC10D0B4}.Release|Any CPU.ActiveCfg = Release|Any CPU
		{5BC98324-6E74-4475-A917-CAB0AC10D0B4}.Release|Any CPU.Build.0 = Release|Any CPU
		{5BC98324-6E74-4475-A917-CAB0AC10D0B4}.SingleImage|Any CPU.ActiveCfg = Release|Any CPU
		{5BC98324-6E74-4475-A917-CAB0AC10D0B4}.SingleImage|Any CPU.Build.0 = Release|Any CPU
		{039E767D-9A0A-4416-80BD-8A38A9055A39}.CD_ROM|Any CPU.ActiveCfg = Release|Any CPU
		{039E767D-9A0A-4416-80BD-8A38A9055A39}.CD_ROM|Any CPU.Build.0 = Release|Any CPU
		{039E767D-9A0A-4416-80BD-8A38A9055A39}.Debug|Any CPU.ActiveCfg = Debug|Any CPU
		{039E767D-9A0A-4416-80BD-8A38A9055A39}.Debug|Any CPU.Build.0 = Debug|Any CPU
		{039E767D-9A0A-4416-80BD-8A38A9055A39}.DebugLocal|Any CPU.ActiveCfg = Debug|Any CPU
		{039E767D-9A0A-4416-80BD-8A38A9055A39}.DebugLocal|Any CPU.Build.0 = Debug|Any CPU
		{039E767D-9A0A-4416-80BD-8A38A9055A39}.DVD-5|Any CPU.ActiveCfg = Debug|Any CPU
		{039E767D-9A0A-4416-80BD-8A38A9055A39}.DVD-5|Any CPU.Build.0 = Debug|Any CPU
		{039E767D-9A0A-4416-80BD-8A38A9055A39}.Release|Any CPU.ActiveCfg = Release|Any CPU
		{039E767D-9A0A-4416-80BD-8A38A9055A39}.Release|Any CPU.Build.0 = Release|Any CPU
		{039E767D-9A0A-4416-80BD-8A38A9055A39}.SingleImage|Any CPU.ActiveCfg = Release|Any CPU
		{039E767D-9A0A-4416-80BD-8A38A9055A39}.SingleImage|Any CPU.Build.0 = Release|Any CPU
		{ACE80D10-ADCE-4597-89D7-7935387AE84D}.CD_ROM|Any CPU.ActiveCfg = Release|Any CPU
		{ACE80D10-ADCE-4597-89D7-7935387AE84D}.CD_ROM|Any CPU.Build.0 = Release|Any CPU
		{ACE80D10-ADCE-4597-89D7-7935387AE84D}.Debug|Any CPU.ActiveCfg = Debug|Any CPU
		{ACE80D10-ADCE-4597-89D7-7935387AE84D}.Debug|Any CPU.Build.0 = Debug|Any CPU
		{ACE80D10-ADCE-4597-89D7-7935387AE84D}.DebugLocal|Any CPU.ActiveCfg = Debug|Any CPU
		{ACE80D10-ADCE-4597-89D7-7935387AE84D}.DebugLocal|Any CPU.Build.0 = Debug|Any CPU
		{ACE80D10-ADCE-4597-89D7-7935387AE84D}.DVD-5|Any CPU.ActiveCfg = Debug|Any CPU
		{ACE80D10-ADCE-4597-89D7-7935387AE84D}.DVD-5|Any CPU.Build.0 = Debug|Any CPU
		{ACE80D10-ADCE-4597-89D7-7935387AE84D}.Release|Any CPU.ActiveCfg = Release|Any CPU
		{ACE80D10-ADCE-4597-89D7-7935387AE84D}.Release|Any CPU.Build.0 = Release|Any CPU
		{ACE80D10-ADCE-4597-89D7-7935387AE84D}.SingleImage|Any CPU.ActiveCfg = Release|Any CPU
		{ACE80D10-ADCE-4597-89D7-7935387AE84D}.SingleImage|Any CPU.Build.0 = Release|Any CPU
	EndGlobalSection
	GlobalSection(SolutionProperties) = preSolution
		HideSolutionNode = FALSE
	EndGlobalSection
	GlobalSection(NestedProjects) = preSolution
		{1B85AC19-27DF-43BB-91B7-9A2AECDDB9D1} = {F98159FD-0F22-4A3E-99DB-549A04C138AC}
		{C2C01D60-617D-4A38-AF22-091A1C3AE365} = {E3AEDB8C-9F6A-4570-9A9D-CA9A37E60CA1}
		{E31D9461-636C-402E-8F5D-5E7AB32A8875} = {E3AEDB8C-9F6A-4570-9A9D-CA9A37E60CA1}
		{73C3010F-3DF1-45DC-B36C-76FA83E9ECB4} = {8DEA1439-C857-43EE-B525-CCE4F7E16AEC}
		{A0A36B6C-3EA5-4F65-A6B7-49C37E5EDEAC} = {8DEA1439-C857-43EE-B525-CCE4F7E16AEC}
		{158FFBAE-66C6-471A-B87F-9BED8E6465B4} = {15C4BE0F-D45E-40C8-B2FC-37436596AC19}
		{C215BD55-0340-4B63-A5C5-DBA6B5D65043} = {5A22FA34-5DB0-4FFA-A0C7-A2758C9AAD53}
		{E780491B-562F-47FC-BABF-29D66B3C17F1} = {15C4BE0F-D45E-40C8-B2FC-37436596AC19}
		{58C8B48D-2304-4E3D-A8BB-EDB7C1EA1810} = {15C4BE0F-D45E-40C8-B2FC-37436596AC19}
		{6E39061D-C172-4114-80DE-EDD6CD5F0E78} = {2AEA3041-0476-4F18-83B9-D972E3429D80}
		{E3AEDB8C-9F6A-4570-9A9D-CA9A37E60CA1} = {6279F649-71B1-4B18-A339-29526B94475A}
		{15C4BE0F-D45E-40C8-B2FC-37436596AC19} = {6279F649-71B1-4B18-A339-29526B94475A}
		{2AEA3041-0476-4F18-83B9-D972E3429D80} = {6279F649-71B1-4B18-A339-29526B94475A}
		{8DEA1439-C857-43EE-B525-CCE4F7E16AEC} = {6279F649-71B1-4B18-A339-29526B94475A}
		{F2B162C1-22D2-47C1-9076-1170DC6C3679} = {3BB9FB62-6239-45AF-B73F-708DF9C8AE25}
		{3F601EA5-4A47-4304-A111-A6ED5BE4B4FD} = {B2FA2F41-E949-4AD2-9FDB-B532948B6079}
		{946EC2E6-5998-4852-8C57-AD77F3BBDCE6} = {B2FA2F41-E949-4AD2-9FDB-B532948B6079}
		{93453913-D10E-46B3-ADFE-A50E9FB5226D} = {5A22FA34-5DB0-4FFA-A0C7-A2758C9AAD53}
		{4D0B3594-A787-4982-870D-3F079D2F4B86} = {F98159FD-0F22-4A3E-99DB-549A04C138AC}
		{47AD61E6-E59A-4148-B7EE-4D35E3485442} = {1F715567-B6B0-4214-8897-5BA94D311D9A}
		{46F1C90F-4850-4C82-B2D6-165959B03054} = {FBC5327F-8B56-4B44-B958-7308A507C264}
		{C52D443C-1A6E-43D6-9B23-4F242459C6AA} = {CB3CCD25-58EE-4CFA-A2CA-B751A6ED42D0}
		{C8135C09-08DF-47BC-BF31-18AC41AB1D95} = {1F715567-B6B0-4214-8897-5BA94D311D9A}
		{1F715567-B6B0-4214-8897-5BA94D311D9A} = {CB3CCD25-58EE-4CFA-A2CA-B751A6ED42D0}
		{FBC5327F-8B56-4B44-B958-7308A507C264} = {CB3CCD25-58EE-4CFA-A2CA-B751A6ED42D0}
		{7535A2BA-76B9-4A79-870A-4A533EE784DB} = {4D5361CF-3FA8-43FE-B017-3366BCE5D8B9}
		{4D5361CF-3FA8-43FE-B017-3366BCE5D8B9} = {CB3CCD25-58EE-4CFA-A2CA-B751A6ED42D0}
		{BDB2EFD0-03E6-471A-AFC5-41F5B1E9BB35} = {F98159FD-0F22-4A3E-99DB-549A04C138AC}
		{58E04975-AC8A-42BB-9A49-D68B48F84E79} = {F98159FD-0F22-4A3E-99DB-549A04C138AC}
		{D6FD4A95-B6E6-43A8-9F39-BD7287578396} = {5A22FA34-5DB0-4FFA-A0C7-A2758C9AAD53}
		{27A2EEEA-4E4B-4713-A8F5-D827B980EFC8} = {1F715567-B6B0-4214-8897-5BA94D311D9A}
		{AEB88C37-8F73-471C-926B-3E049144D7A8} = {B85C18FD-708B-4D88-A89D-6125493829F7}
		{B6EB3332-1E75-484C-8289-9D081AF114BB} = {4D5361CF-3FA8-43FE-B017-3366BCE5D8B9}
		{8598694A-A052-4BB0-AC90-7724C133AD5C} = {4D5361CF-3FA8-43FE-B017-3366BCE5D8B9}
		{9B468871-08A1-43A3-9CC5-01947B172F4C} = {5A22FA34-5DB0-4FFA-A0C7-A2758C9AAD53}
		{40AE5444-56FF-472C-9D40-B20173F9BDBA} = {5A22FA34-5DB0-4FFA-A0C7-A2758C9AAD53}
		{C1FFA45A-CC6C-47FD-940E-6EAADF41C60C} = {CB3CCD25-58EE-4CFA-A2CA-B751A6ED42D0}
		{F960EDC9-07E4-4CB2-A427-6DA7C74AD472} = {CB3CCD25-58EE-4CFA-A2CA-B751A6ED42D0}
		{3823A549-6209-4D07-B859-DB42981D5D19} = {C681741C-E468-4C0E-A6BC-10D0439FA93F}
		{84117807-56B1-419C-8DE5-AD8EA079269B} = {C681741C-E468-4C0E-A6BC-10D0439FA93F}
		{D78F69FB-A6E8-4BCB-A046-A5BEDA598CFE} = {8E412ADE-23B5-4EEB-BCE3-62801147D56E}
		{AC4634B2-ACE6-42C0-B908-49AEA2CA9290} = {FBC5327F-8B56-4B44-B958-7308A507C264}
		{C681741C-E468-4C0E-A6BC-10D0439FA93F} = {8E412ADE-23B5-4EEB-BCE3-62801147D56E}
		{F7A2931F-B190-4B23-BFB4-700D989720A2} = {8E412ADE-23B5-4EEB-BCE3-62801147D56E}
		{1661BC5C-868A-4A4F-ACF7-4063D6C1BA67} = {8E412ADE-23B5-4EEB-BCE3-62801147D56E}
		{D56E14FC-7536-43E1-819C-0C11174BED1F} = {1661BC5C-868A-4A4F-ACF7-4063D6C1BA67}
		{B30A232A-AD2C-4AA0-BDDA-2D860F092FAD} = {1661BC5C-868A-4A4F-ACF7-4063D6C1BA67}
		{D588B2EE-0741-4FDC-A9EC-BDF90F06ABB2} = {F7A2931F-B190-4B23-BFB4-700D989720A2}
		{5BC98324-6E74-4475-A917-CAB0AC10D0B4} = {8E412ADE-23B5-4EEB-BCE3-62801147D56E}
		{039E767D-9A0A-4416-80BD-8A38A9055A39} = {8E412ADE-23B5-4EEB-BCE3-62801147D56E}
		{ACE80D10-ADCE-4597-89D7-7935387AE84D} = {8E412ADE-23B5-4EEB-BCE3-62801147D56E}
	EndGlobalSection
	GlobalSection(ExtensibilityGlobals) = postSolution
		EnterpriseLibraryConfigurationToolBinariesPath = packages\Unity.2.1.505.2\lib\NET35
	EndGlobalSection
EndGlobal
